
Microsoft Visual Studio Solution File, Format Version 12.00
# Visual Studio Version 16
VisualStudioVersion = 16.0.33927.289
MinimumVisualStudioVersion = 10.0.40219.1
Project("{2150E333-8FDC-42A3-9474-1A3956D46DE8}") = "Task0", "Task0", "{BB7A8A94-0753-425B-98A6-26C5CAFA8D01}"
EndProject
Project("{FAE04EC0-301F-11D3-BF4B-00C04F79EFBC}") = "Tyuiu.KorotchenkoDM.Sprint1.Task0.V13", "Tyuiu.KorotchenkoDM.Sprint1.Task0.V13\Tyuiu.KorotchenkoDM.Sprint1.Task0.V13.csproj", "{38B355C1-ED47-4E94-A51E-589A46872E5C}"
EndProject
Project("{FAE04EC0-301F-11D3-BF4B-00C04F79EFBC}") = "Tyuiu.KorotchenkoDM.Sprint1.Task0.V13.Lib", "Tyuiu.KorotchenkoDM.Sprint1.Task0.V13.Lib\Tyuiu.KorotchenkoDM.Sprint1.Task0.V13.Lib.csproj", "{11B632B8-8066-4CD3-8D24-E54BC583A826}"
EndProject
Project("{FAE04EC0-301F-11D3-BF4B-00C04F79EFBC}") = "Tyuiu.KorotchenkoDM.Sprint1.Task0.V13.Test", "Tyuiu.KorotchenkoDM.Sprint1.Task0.V13.Test\Tyuiu.KorotchenkoDM.Sprint1.Task0.V13.Test.csproj", "{69C296A0-8352-4AD9-A404-54821A2508F0}"
EndProject
Project("{2150E333-8FDC-42A3-9474-1A3956D46DE8}") = "Task1", "Task1", "{BB89EA68-F6BD-4366-BBA1-9D5534AF55D9}"
EndProject
Project("{FAE04EC0-301F-11D3-BF4B-00C04F79EFBC}") = "Tyuiu.KorotchenkoDM.Sprint1.Task1.V26", "Tyuiu.KorotchenkoDM.Sprint1.Task1.V26\Tyuiu.KorotchenkoDM.Sprint1.Task1.V26.csproj", "{A74FFB10-A76C-4C5E-9D0F-007BE4462DF3}"
EndProject
Project("{FAE04EC0-301F-11D3-BF4B-00C04F79EFBC}") = "Tyuiu.KorotchenkoDM.Sprint1.Task1.V26.Lib", "Tyuiu.KorotchenkoDM.Sprint1.Task1.V26.Lib\Tyuiu.KorotchenkoDM.Sprint1.Task1.V26.Lib.csproj", "{2ADF7FFA-32BF-4109-911F-4C2A18F0493D}"
EndProject
Project("{FAE04EC0-301F-11D3-BF4B-00C04F79EFBC}") = "Tyuiu.KorotchenkoDM.Sprint1.Task1.V26.Test", "Tyuiu.KorotchenkoDM.Sprint1.Task1.V26.Test\Tyuiu.KorotchenkoDM.Sprint1.Task1.V26.Test.csproj", "{FB80EA35-5D63-4240-BD81-F362FB1F5214}"
EndProject
Project("{2150E333-8FDC-42A3-9474-1A3956D46DE8}") = "Task2", "Task2", "{7768AB96-C977-4BFA-9B7F-77D90522666A}"
EndProject
Project("{FAE04EC0-301F-11D3-BF4B-00C04F79EFBC}") = "Tyuiu.KorotchenkoDM.Sprint1.Task2.V8", "Tyuiu.KorotchenkoDM.Sprint1.Task2.V8\Tyuiu.KorotchenkoDM.Sprint1.Task2.V8.csproj", "{9FDF1BA4-9894-42FC-9659-4D86A971CA09}"
EndProject
Project("{FAE04EC0-301F-11D3-BF4B-00C04F79EFBC}") = "Tyuiu.KorotchenkoDM.Sprint1.Task2.V8.Lib", "Tyuiu.KorotchenkoDM.Sprint1.Task2.V8.Lib\Tyuiu.KorotchenkoDM.Sprint1.Task2.V8.Lib.csproj", "{FB98C21F-BE0F-4F19-BBF8-FA81780B889E}"
EndProject
Project("{FAE04EC0-301F-11D3-BF4B-00C04F79EFBC}") = "Tyuiu.KorotchenkoDM.Sprint1.Task2.V8.Test", "Tyuiu.KorotchenkoDM.Sprint1.Task2.V8.Test\Tyuiu.KorotchenkoDM.Sprint1.Task2.V8.Test.csproj", "{23729550-E752-4A04-A71A-08C1B046CA7B}"
EndProject
Project("{2150E333-8FDC-42A3-9474-1A3956D46DE8}") = "Task3", "Task3", "{A8A23902-1FFE-42A0-AD09-9B8239F2D601}"
EndProject
Project("{FAE04EC0-301F-11D3-BF4B-00C04F79EFBC}") = "Tyuiu.KorotchenkoDM.Sprint1.Task3.V4", "Tyuiu.KorotchenkoDM.Sprint1.Task3.V4\Tyuiu.KorotchenkoDM.Sprint1.Task3.V4.csproj", "{21D5EE0C-C55D-4362-A892-39262FA0AC38}"
EndProject
Project("{FAE04EC0-301F-11D3-BF4B-00C04F79EFBC}") = "Tyuiu.KorotchenkoDM.Sprint1.Task3.V4.Lib", "Tyuiu.KorotchenkoDM.Sprint1.Task3.V4.Lib\Tyuiu.KorotchenkoDM.Sprint1.Task3.V4.Lib.csproj", "{1AADC152-461F-4546-8628-F48DE497CA20}"
EndProject
Project("{FAE04EC0-301F-11D3-BF4B-00C04F79EFBC}") = "Tyuiu.KorotchenkoDM.Sprint1.Task3.V4.Test", "Tyuiu.KorotchenkoDM.Sprint1.Task3.V4.Test\Tyuiu.KorotchenkoDM.Sprint1.Task3.V4.Test.csproj", "{15BEE21F-D766-4C21-B95B-5A412E25B042}"
EndProject
Project("{2150E333-8FDC-42A3-9474-1A3956D46DE8}") = "Task4", "Task4", "{22FE54C1-79B5-41C0-8E72-E96D85F27642}"
EndProject
Project("{FAE04EC0-301F-11D3-BF4B-00C04F79EFBC}") = "Tyuiu.KorotchenkoDM.Sprint1.Task4.V11", "Tyuiu.KorotchenkoDM.Sprint1.Task4.V11\Tyuiu.KorotchenkoDM.Sprint1.Task4.V11.csproj", "{C0C69E7A-8BF3-43FC-B1EA-82356C9C2E65}"
EndProject
Project("{FAE04EC0-301F-11D3-BF4B-00C04F79EFBC}") = "Tyuiu.KorotchenkoDM.Sprint1.Task4.V11.Lib", "Tyuiu.KorotchenkoDM.Sprint1.Task4.V11.Lib\Tyuiu.KorotchenkoDM.Sprint1.Task4.V11.Lib.csproj", "{86D4FB7B-F449-4F55-B6D5-994D998E4D6B}"
EndProject
Project("{FAE04EC0-301F-11D3-BF4B-00C04F79EFBC}") = "Tyuiu.KorotchenkoDM.Sprint1.Task4.V11.Test", "Tyuiu.KorotchenkoDM.Sprint1.Task4.V11.Test\Tyuiu.KorotchenkoDM.Sprint1.Task4.V11.Test.csproj", "{5CED77C4-D4E5-4F7A-A6E8-D871E89A4DA1}"
EndProject
Project("{2150E333-8FDC-42A3-9474-1A3956D46DE8}") = "Task5", "Task5", "{FE6508CD-4FEB-4B2C-8AE6-5582B8BBB92D}"
EndProject
Project("{FAE04EC0-301F-11D3-BF4B-00C04F79EFBC}") = "Tyuiu.KorotchenkoDM.Sprint1.Task5.V2", "Tyuiu.KorotchenkoDM.Sprint1.Task5.V2\Tyuiu.KorotchenkoDM.Sprint1.Task5.V2.csproj", "{5054896E-A688-4B05-A5E2-F5024B903C70}"
EndProject
Project("{FAE04EC0-301F-11D3-BF4B-00C04F79EFBC}") = "Tyuiu.KorotchenkoDM.Sprint1.Task5.V2.Test", "Tyuiu.KorotchenkoDM.Sprint1.Task5.V2.Test\Tyuiu.KorotchenkoDM.Sprint1.Task5.V2.Test.csproj", "{74CD8DB5-B7B2-4F99-B95F-5EF38D3AB549}"
EndProject
Project("{FAE04EC0-301F-11D3-BF4B-00C04F79EFBC}") = "Tyuiu.KorotchenkoDM.Sprint1.Task5.V2.Lib", "Tyuiu.KorotchenkoDM.Sprint1.Task5.V2.Lib\Tyuiu.KorotchenkoDM.Sprint1.Task5.V2.Lib.csproj", "{5255EDD6-91EC-4245-BEEE-5B6A2CF21D6C}"
EndProject
Project("{2150E333-8FDC-42A3-9474-1A3956D46DE8}") = "Task6", "Task6", "{521CF1B0-B852-40D4-AFCF-7C840BD80D9C}"
EndProject
Project("{FAE04EC0-301F-11D3-BF4B-00C04F79EFBC}") = "Tyuiu.KorotchenkoDM.Sprint1.Task6.V15", "Tyuiu.KorotchenkoDM.Sprint1.Task6.V15\Tyuiu.KorotchenkoDM.Sprint1.Task6.V15.csproj", "{7857C2DF-C7C8-419C-8E07-CD906374A99A}"
EndProject
Project("{FAE04EC0-301F-11D3-BF4B-00C04F79EFBC}") = "Tyuiu.KorotchenkoDM.Sprint1.Task6.V15.Lib", "Tyuiu.KorotchenkoDM.Sprint1.Task6.V15.Lib\Tyuiu.KorotchenkoDM.Sprint1.Task6.V15.Lib.csproj", "{973405B1-ECFF-4460-A6AB-41A21C414662}"
EndProject
Project("{FAE04EC0-301F-11D3-BF4B-00C04F79EFBC}") = "Tyuiu.KorotchenkoDM.Sprint1.Task6.V15.Test", "Tyuiu.KorotchenkoDM.Sprint1.Task6.V15.Test\Tyuiu.KorotchenkoDM.Sprint1.Task6.V15.Test.csproj", "{08199AB0-0D3E-4EC5-A06C-7E89AF03F39D}"
EndProject
Global
	GlobalSection(SolutionConfigurationPlatforms) = preSolution
		Debug|Any CPU = Debug|Any CPU
		Release|Any CPU = Release|Any CPU
	EndGlobalSection
	GlobalSection(ProjectConfigurationPlatforms) = postSolution
		{38B355C1-ED47-4E94-A51E-589A46872E5C}.Debug|Any CPU.ActiveCfg = Debug|Any CPU
		{38B355C1-ED47-4E94-A51E-589A46872E5C}.Debug|Any CPU.Build.0 = Debug|Any CPU
		{38B355C1-ED47-4E94-A51E-589A46872E5C}.Release|Any CPU.ActiveCfg = Release|Any CPU
		{38B355C1-ED47-4E94-A51E-589A46872E5C}.Release|Any CPU.Build.0 = Release|Any CPU
		{11B632B8-8066-4CD3-8D24-E54BC583A826}.Debug|Any CPU.ActiveCfg = Debug|Any CPU
		{11B632B8-8066-4CD3-8D24-E54BC583A826}.Debug|Any CPU.Build.0 = Debug|Any CPU
		{11B632B8-8066-4CD3-8D24-E54BC583A826}.Release|Any CPU.ActiveCfg = Release|Any CPU
		{11B632B8-8066-4CD3-8D24-E54BC583A826}.Release|Any CPU.Build.0 = Release|Any CPU
		{69C296A0-8352-4AD9-A404-54821A2508F0}.Debug|Any CPU.ActiveCfg = Debug|Any CPU
		{69C296A0-8352-4AD9-A404-54821A2508F0}.Debug|Any CPU.Build.0 = Debug|Any CPU
		{69C296A0-8352-4AD9-A404-54821A2508F0}.Release|Any CPU.ActiveCfg = Release|Any CPU
		{69C296A0-8352-4AD9-A404-54821A2508F0}.Release|Any CPU.Build.0 = Release|Any CPU
		{A74FFB10-A76C-4C5E-9D0F-007BE4462DF3}.Debug|Any CPU.ActiveCfg = Debug|Any CPU
		{A74FFB10-A76C-4C5E-9D0F-007BE4462DF3}.Debug|Any CPU.Build.0 = Debug|Any CPU
		{A74FFB10-A76C-4C5E-9D0F-007BE4462DF3}.Release|Any CPU.ActiveCfg = Release|Any CPU
		{A74FFB10-A76C-4C5E-9D0F-007BE4462DF3}.Release|Any CPU.Build.0 = Release|Any CPU
		{2ADF7FFA-32BF-4109-911F-4C2A18F0493D}.Debug|Any CPU.ActiveCfg = Debug|Any CPU
		{2ADF7FFA-32BF-4109-911F-4C2A18F0493D}.Debug|Any CPU.Build.0 = Debug|Any CPU
		{2ADF7FFA-32BF-4109-911F-4C2A18F0493D}.Release|Any CPU.ActiveCfg = Release|Any CPU
		{2ADF7FFA-32BF-4109-911F-4C2A18F0493D}.Release|Any CPU.Build.0 = Release|Any CPU
		{FB80EA35-5D63-4240-BD81-F362FB1F5214}.Debug|Any CPU.ActiveCfg = Debug|Any CPU
		{FB80EA35-5D63-4240-BD81-F362FB1F5214}.Debug|Any CPU.Build.0 = Debug|Any CPU
		{FB80EA35-5D63-4240-BD81-F362FB1F5214}.Release|Any CPU.ActiveCfg = Release|Any CPU
		{FB80EA35-5D63-4240-BD81-F362FB1F5214}.Release|Any CPU.Build.0 = Release|Any CPU
		{9FDF1BA4-9894-42FC-9659-4D86A971CA09}.Debug|Any CPU.ActiveCfg = Debug|Any CPU
		{9FDF1BA4-9894-42FC-9659-4D86A971CA09}.Debug|Any CPU.Build.0 = Debug|Any CPU
		{9FDF1BA4-9894-42FC-9659-4D86A971CA09}.Release|Any CPU.ActiveCfg = Release|Any CPU
		{9FDF1BA4-9894-42FC-9659-4D86A971CA09}.Release|Any CPU.Build.0 = Release|Any CPU
		{FB98C21F-BE0F-4F19-BBF8-FA81780B889E}.Debug|Any CPU.ActiveCfg = Debug|Any CPU
		{FB98C21F-BE0F-4F19-BBF8-FA81780B889E}.Debug|Any CPU.Build.0 = Debug|Any CPU
		{FB98C21F-BE0F-4F19-BBF8-FA81780B889E}.Release|Any CPU.ActiveCfg = Release|Any CPU
		{FB98C21F-BE0F-4F19-BBF8-FA81780B889E}.Release|Any CPU.Build.0 = Release|Any CPU
		{23729550-E752-4A04-A71A-08C1B046CA7B}.Debug|Any CPU.ActiveCfg = Debug|Any CPU
		{23729550-E752-4A04-A71A-08C1B046CA7B}.Debug|Any CPU.Build.0 = Debug|Any CPU
		{23729550-E752-4A04-A71A-08C1B046CA7B}.Release|Any CPU.ActiveCfg = Release|Any CPU
		{23729550-E752-4A04-A71A-08C1B046CA7B}.Release|Any CPU.Build.0 = Release|Any CPU
		{21D5EE0C-C55D-4362-A892-39262FA0AC38}.Debug|Any CPU.ActiveCfg = Debug|Any CPU
		{21D5EE0C-C55D-4362-A892-39262FA0AC38}.Debug|Any CPU.Build.0 = Debug|Any CPU
		{21D5EE0C-C55D-4362-A892-39262FA0AC38}.Release|Any CPU.ActiveCfg = Release|Any CPU
		{21D5EE0C-C55D-4362-A892-39262FA0AC38}.Release|Any CPU.Build.0 = Release|Any CPU
		{1AADC152-461F-4546-8628-F48DE497CA20}.Debug|Any CPU.ActiveCfg = Debug|Any CPU
		{1AADC152-461F-4546-8628-F48DE497CA20}.Debug|Any CPU.Build.0 = Debug|Any CPU
		{1AADC152-461F-4546-8628-F48DE497CA20}.Release|Any CPU.ActiveCfg = Release|Any CPU
		{1AADC152-461F-4546-8628-F48DE497CA20}.Release|Any CPU.Build.0 = Release|Any CPU
		{15BEE21F-D766-4C21-B95B-5A412E25B042}.Debug|Any CPU.ActiveCfg = Debug|Any CPU
		{15BEE21F-D766-4C21-B95B-5A412E25B042}.Debug|Any CPU.Build.0 = Debug|Any CPU
		{15BEE21F-D766-4C21-B95B-5A412E25B042}.Release|Any CPU.ActiveCfg = Release|Any CPU
		{15BEE21F-D766-4C21-B95B-5A412E25B042}.Release|Any CPU.Build.0 = Release|Any CPU
		{C0C69E7A-8BF3-43FC-B1EA-82356C9C2E65}.Debug|Any CPU.ActiveCfg = Debug|Any CPU
		{C0C69E7A-8BF3-43FC-B1EA-82356C9C2E65}.Debug|Any CPU.Build.0 = Debug|Any CPU
		{C0C69E7A-8BF3-43FC-B1EA-82356C9C2E65}.Release|Any CPU.ActiveCfg = Release|Any CPU
		{C0C69E7A-8BF3-43FC-B1EA-82356C9C2E65}.Release|Any CPU.Build.0 = Release|Any CPU
		{86D4FB7B-F449-4F55-B6D5-994D998E4D6B}.Debug|Any CPU.ActiveCfg = Debug|Any CPU
		{86D4FB7B-F449-4F55-B6D5-994D998E4D6B}.Debug|Any CPU.Build.0 = Debug|Any CPU
		{86D4FB7B-F449-4F55-B6D5-994D998E4D6B}.Release|Any CPU.ActiveCfg = Release|Any CPU
		{86D4FB7B-F449-4F55-B6D5-994D998E4D6B}.Release|Any CPU.Build.0 = Release|Any CPU
		{5CED77C4-D4E5-4F7A-A6E8-D871E89A4DA1}.Debug|Any CPU.ActiveCfg = Debug|Any CPU
		{5CED77C4-D4E5-4F7A-A6E8-D871E89A4DA1}.Debug|Any CPU.Build.0 = Debug|Any CPU
		{5CED77C4-D4E5-4F7A-A6E8-D871E89A4DA1}.Release|Any CPU.ActiveCfg = Release|Any CPU
		{5CED77C4-D4E5-4F7A-A6E8-D871E89A4DA1}.Release|Any CPU.Build.0 = Release|Any CPU
		{5054896E-A688-4B05-A5E2-F5024B903C70}.Debug|Any CPU.ActiveCfg = Debug|Any CPU
		{5054896E-A688-4B05-A5E2-F5024B903C70}.Debug|Any CPU.Build.0 = Debug|Any CPU
		{5054896E-A688-4B05-A5E2-F5024B903C70}.Release|Any CPU.ActiveCfg = Release|Any CPU
		{5054896E-A688-4B05-A5E2-F5024B903C70}.Release|Any CPU.Build.0 = Release|Any CPU
		{74CD8DB5-B7B2-4F99-B95F-5EF38D3AB549}.Debug|Any CPU.ActiveCfg = Debug|Any CPU
		{74CD8DB5-B7B2-4F99-B95F-5EF38D3AB549}.Debug|Any CPU.Build.0 = Debug|Any CPU
		{74CD8DB5-B7B2-4F99-B95F-5EF38D3AB549}.Release|Any CPU.ActiveCfg = Release|Any CPU
		{74CD8DB5-B7B2-4F99-B95F-5EF38D3AB549}.Release|Any CPU.Build.0 = Release|Any CPU
		{5255EDD6-91EC-4245-BEEE-5B6A2CF21D6C}.Debug|Any CPU.ActiveCfg = Debug|Any CPU
		{5255EDD6-91EC-4245-BEEE-5B6A2CF21D6C}.Debug|Any CPU.Build.0 = Debug|Any CPU
		{5255EDD6-91EC-4245-BEEE-5B6A2CF21D6C}.Release|Any CPU.ActiveCfg = Release|Any CPU
		{5255EDD6-91EC-4245-BEEE-5B6A2CF21D6C}.Release|Any CPU.Build.0 = Release|Any CPU
		{7857C2DF-C7C8-419C-8E07-CD906374A99A}.Debug|Any CPU.ActiveCfg = Debug|Any CPU
		{7857C2DF-C7C8-419C-8E07-CD906374A99A}.Debug|Any CPU.Build.0 = Debug|Any CPU
		{7857C2DF-C7C8-419C-8E07-CD906374A99A}.Release|Any CPU.ActiveCfg = Release|Any CPU
		{7857C2DF-C7C8-419C-8E07-CD906374A99A}.Release|Any CPU.Build.0 = Release|Any CPU
		{973405B1-ECFF-4460-A6AB-41A21C414662}.Debug|Any CPU.ActiveCfg = Debug|Any CPU
		{973405B1-ECFF-4460-A6AB-41A21C414662}.Debug|Any CPU.Build.0 = Debug|Any CPU
		{973405B1-ECFF-4460-A6AB-41A21C414662}.Release|Any CPU.ActiveCfg = Release|Any CPU
		{973405B1-ECFF-4460-A6AB-41A21C414662}.Release|Any CPU.Build.0 = Release|Any CPU
		{08199AB0-0D3E-4EC5-A06C-7E89AF03F39D}.Debug|Any CPU.ActiveCfg = Debug|Any CPU
		{08199AB0-0D3E-4EC5-A06C-7E89AF03F39D}.Debug|Any CPU.Build.0 = Debug|Any CPU
		{08199AB0-0D3E-4EC5-A06C-7E89AF03F39D}.Release|Any CPU.ActiveCfg = Release|Any CPU
		{08199AB0-0D3E-4EC5-A06C-7E89AF03F39D}.Release|Any CPU.Build.0 = Release|Any CPU
	EndGlobalSection
	GlobalSection(SolutionProperties) = preSolution
		HideSolutionNode = FALSE
	EndGlobalSection
	GlobalSection(NestedProjects) = preSolution
		{38B355C1-ED47-4E94-A51E-589A46872E5C} = {BB7A8A94-0753-425B-98A6-26C5CAFA8D01}
		{11B632B8-8066-4CD3-8D24-E54BC583A826} = {BB7A8A94-0753-425B-98A6-26C5CAFA8D01}
		{69C296A0-8352-4AD9-A404-54821A2508F0} = {BB7A8A94-0753-425B-98A6-26C5CAFA8D01}
		{A74FFB10-A76C-4C5E-9D0F-007BE4462DF3} = {BB89EA68-F6BD-4366-BBA1-9D5534AF55D9}
		{2ADF7FFA-32BF-4109-911F-4C2A18F0493D} = {BB89EA68-F6BD-4366-BBA1-9D5534AF55D9}
		{FB80EA35-5D63-4240-BD81-F362FB1F5214} = {BB89EA68-F6BD-4366-BBA1-9D5534AF55D9}
		{9FDF1BA4-9894-42FC-9659-4D86A971CA09} = {7768AB96-C977-4BFA-9B7F-77D90522666A}
		{FB98C21F-BE0F-4F19-BBF8-FA81780B889E} = {7768AB96-C977-4BFA-9B7F-77D90522666A}
		{23729550-E752-4A04-A71A-08C1B046CA7B} = {7768AB96-C977-4BFA-9B7F-77D90522666A}
		{21D5EE0C-C55D-4362-A892-39262FA0AC38} = {A8A23902-1FFE-42A0-AD09-9B8239F2D601}
		{1AADC152-461F-4546-8628-F48DE497CA20} = {A8A23902-1FFE-42A0-AD09-9B8239F2D601}
		{15BEE21F-D766-4C21-B95B-5A412E25B042} = {A8A23902-1FFE-42A0-AD09-9B8239F2D601}
		{C0C69E7A-8BF3-43FC-B1EA-82356C9C2E65} = {22FE54C1-79B5-41C0-8E72-E96D85F27642}
		{86D4FB7B-F449-4F55-B6D5-994D998E4D6B} = {22FE54C1-79B5-41C0-8E72-E96D85F27642}
		{5CED77C4-D4E5-4F7A-A6E8-D871E89A4DA1} = {22FE54C1-79B5-41C0-8E72-E96D85F27642}
		{5054896E-A688-4B05-A5E2-F5024B903C70} = {FE6508CD-4FEB-4B2C-8AE6-5582B8BBB92D}
		{74CD8DB5-B7B2-4F99-B95F-5EF38D3AB549} = {FE6508CD-4FEB-4B2C-8AE6-5582B8BBB92D}
		{5255EDD6-91EC-4245-BEEE-5B6A2CF21D6C} = {FE6508CD-4FEB-4B2C-8AE6-5582B8BBB92D}
		{7857C2DF-C7C8-419C-8E07-CD906374A99A} = {521CF1B0-B852-40D4-AFCF-7C840BD80D9C}
		{973405B1-ECFF-4460-A6AB-41A21C414662} = {521CF1B0-B852-40D4-AFCF-7C840BD80D9C}
		{08199AB0-0D3E-4EC5-A06C-7E89AF03F39D} = {521CF1B0-B852-40D4-AFCF-7C840BD80D9C}
	EndGlobalSection
	GlobalSection(ExtensibilityGlobals) = postSolution
		SolutionGuid = {EA2B0F93-FD72-4483-B99E-8B3B0987D247}
	EndGlobalSection
EndGlobal
