
Microsoft Visual Studio Solution File, Format Version 12.00
# Visual Studio Version 16
VisualStudioVersion = 16.0.33927.289
MinimumVisualStudioVersion = 10.0.40219.1
Project("{2150E333-8FDC-42A3-9474-1A3956D46DE8}") = "Task0", "Task0", "{BB7A8A94-0753-425B-98A6-26C5CAFA8D01}"
EndProject
Project("{FAE04EC0-301F-11D3-BF4B-00C04F79EFBC}") = "Tyuiu.KorotchenkoDM.Sprint1.Task0.V13", "Tyuiu.KorotchenkoDM.Sprint1.Task0.V13\Tyuiu.KorotchenkoDM.Sprint1.Task0.V13.csproj", "{38B355C1-ED47-4E94-A51E-589A46872E5C}"
EndProject
Project("{FAE04EC0-301F-11D3-BF4B-00C04F79EFBC}") = "Tyuiu.KorotchenkoDM.Sprint1.Task0.V13.Lib", "Tyuiu.KorotchenkoDM.Sprint1.Task0.V13.Lib\Tyuiu.KorotchenkoDM.Sprint1.Task0.V13.Lib.csproj", "{11B632B8-8066-4CD3-8D24-E54BC583A826}"
EndProject
Project("{FAE04EC0-301F-11D3-BF4B-00C04F79EFBC}") = "Tyuiu.KorotchenkoDM.Sprint1.Task0.V13.Test", "Tyuiu.KorotchenkoDM.Sprint1.Task0.V13.Test\Tyuiu.KorotchenkoDM.Sprint1.Task0.V13.Test.csproj", "{69C296A0-8352-4AD9-A404-54821A2508F0}"
EndProject
Project("{2150E333-8FDC-42A3-9474-1A3956D46DE8}") = "Task1", "Task1", "{BB89EA68-F6BD-4366-BBA1-9D5534AF55D9}"
EndProject
Project("{FAE04EC0-301F-11D3-BF4B-00C04F79EFBC}") = "Tyuiu.KorotchenkoDM.Sprint1.Task1.V26", "Tyuiu.KorotchenkoDM.Sprint1.Task1.V26\Tyuiu.KorotchenkoDM.Sprint1.Task1.V26.csproj", "{A74FFB10-A76C-4C5E-9D0F-007BE4462DF3}"
EndProject
Project("{FAE04EC0-301F-11D3-BF4B-00C04F79EFBC}") = "Tyuiu.KorotchenkoDM.Sprint1.Task1.V26.Lib", "Tyuiu.KorotchenkoDM.Sprint1.Task1.V26.Lib\Tyuiu.KorotchenkoDM.Sprint1.Task1.V26.Lib.csproj", "{2ADF7FFA-32BF-4109-911F-4C2A18F0493D}"
EndProject
Project("{FAE04EC0-301F-11D3-BF4B-00C04F79EFBC}") = "Tyuiu.KorotchenkoDM.Sprint1.Task1.V26.Test", "Tyuiu.KorotchenkoDM.Sprint1.Task1.V26.Test\Tyuiu.KorotchenkoDM.Sprint1.Task1.V26.Test.csproj", "{FB80EA35-5D63-4240-BD81-F362FB1F5214}"
EndProject
Project("{2150E333-8FDC-42A3-9474-1A3956D46DE8}") = "Task2", "Task2", "{7768AB96-C977-4BFA-9B7F-77D90522666A}"
EndProject
Project("{FAE04EC0-301F-11D3-BF4B-00C04F79EFBC}") = "Tyuiu.KorotchenkoDM.Sprint1.Task2.V8", "Tyuiu.KorotchenkoDM.Sprint1.Task2.V8\Tyuiu.KorotchenkoDM.Sprint1.Task2.V8.csproj", "{9FDF1BA4-9894-42FC-9659-4D86A971CA09}"
EndProject
Project("{FAE04EC0-301F-11D3-BF4B-00C04F79EFBC}") = "Tyuiu.KorotchenkoDM.Sprint1.Task2.V8.Lib", "Tyuiu.KorotchenkoDM.Sprint1.Task2.V8.Lib\Tyuiu.KorotchenkoDM.Sprint1.Task2.V8.Lib.csproj", "{FB98C21F-BE0F-4F19-BBF8-FA81780B889E}"
EndProject
Project("{FAE04EC0-301F-11D3-BF4B-00C04F79EFBC}") = "Tyuiu.KorotchenkoDM.Sprint1.Task2.V8.Test", "Tyuiu.KorotchenkoDM.Sprint1.Task2.V8.Test\Tyuiu.KorotchenkoDM.Sprint1.Task2.V8.Test.csproj", "{23729550-E752-4A04-A71A-08C1B046CA7B}"
EndProject
Project("{2150E333-8FDC-42A3-9474-1A3956D46DE8}") = "Task3", "Task3", "{B1909D52-47DF-4794-9AB6-9B0E2565832C}"
EndProject
Project("{FAE04EC0-301F-11D3-BF4B-00C04F79EFBC}") = "Tyuiu.KorotchenkoDM.Sprint1.Task3.V19", "Tyuiu.KorotchenkoDM.Sprint1.Task3.V19\Tyuiu.KorotchenkoDM.Sprint1.Task3.V19.csproj", "{E9F2B423-63CB-41C3-B707-BBD5833499EE}"
EndProject
Project("{FAE04EC0-301F-11D3-BF4B-00C04F79EFBC}") = "Tyuiu.KorotchenkoDM.Sprint1.Task3.V19.Lib", "Tyuiu.KorotchenkoDM.Sprint1.Task3.V19.Lib\Tyuiu.KorotchenkoDM.Sprint1.Task3.V19.Lib.csproj", "{98A73608-5784-44C6-A04F-6758D4B1489C}"
EndProject
Project("{FAE04EC0-301F-11D3-BF4B-00C04F79EFBC}") = "Tyuiu.KorotchenkoDM.Sprint1.Task3.V19.Test", "Tyuiu.KorotchenkoDM.Sprint1.Task3.V19.Test\Tyuiu.KorotchenkoDM.Sprint1.Task3.V19.Test.csproj", "{DCD05333-3366-4F32-A905-ABD23F26F538}"
EndProject
Global
	GlobalSection(SolutionConfigurationPlatforms) = preSolution
		Debug|Any CPU = Debug|Any CPU
		Release|Any CPU = Release|Any CPU
	EndGlobalSection
	GlobalSection(ProjectConfigurationPlatforms) = postSolution
		{38B355C1-ED47-4E94-A51E-589A46872E5C}.Debug|Any CPU.ActiveCfg = Debug|Any CPU
		{38B355C1-ED47-4E94-A51E-589A46872E5C}.Debug|Any CPU.Build.0 = Debug|Any CPU
		{38B355C1-ED47-4E94-A51E-589A46872E5C}.Release|Any CPU.ActiveCfg = Release|Any CPU
		{38B355C1-ED47-4E94-A51E-589A46872E5C}.Release|Any CPU.Build.0 = Release|Any CPU
		{11B632B8-8066-4CD3-8D24-E54BC583A826}.Debug|Any CPU.ActiveCfg = Debug|Any CPU
		{11B632B8-8066-4CD3-8D24-E54BC583A826}.Debug|Any CPU.Build.0 = Debug|Any CPU
		{11B632B8-8066-4CD3-8D24-E54BC583A826}.Release|Any CPU.ActiveCfg = Release|Any CPU
		{11B632B8-8066-4CD3-8D24-E54BC583A826}.Release|Any CPU.Build.0 = Release|Any CPU
		{69C296A0-8352-4AD9-A404-54821A2508F0}.Debug|Any CPU.ActiveCfg = Debug|Any CPU
		{69C296A0-8352-4AD9-A404-54821A2508F0}.Debug|Any CPU.Build.0 = Debug|Any CPU
		{69C296A0-8352-4AD9-A404-54821A2508F0}.Release|Any CPU.ActiveCfg = Release|Any CPU
		{69C296A0-8352-4AD9-A404-54821A2508F0}.Release|Any CPU.Build.0 = Release|Any CPU
		{A74FFB10-A76C-4C5E-9D0F-007BE4462DF3}.Debug|Any CPU.ActiveCfg = Debug|Any CPU
		{A74FFB10-A76C-4C5E-9D0F-007BE4462DF3}.Debug|Any CPU.Build.0 = Debug|Any CPU
		{A74FFB10-A76C-4C5E-9D0F-007BE4462DF3}.Release|Any CPU.ActiveCfg = Release|Any CPU
		{A74FFB10-A76C-4C5E-9D0F-007BE4462DF3}.Release|Any CPU.Build.0 = Release|Any CPU
		{2ADF7FFA-32BF-4109-911F-4C2A18F0493D}.Debug|Any CPU.ActiveCfg = Debug|Any CPU
		{2ADF7FFA-32BF-4109-911F-4C2A18F0493D}.Debug|Any CPU.Build.0 = Debug|Any CPU
		{2ADF7FFA-32BF-4109-911F-4C2A18F0493D}.Release|Any CPU.ActiveCfg = Release|Any CPU
		{2ADF7FFA-32BF-4109-911F-4C2A18F0493D}.Release|Any CPU.Build.0 = Release|Any CPU
		{FB80EA35-5D63-4240-BD81-F362FB1F5214}.Debug|Any CPU.ActiveCfg = Debug|Any CPU
		{FB80EA35-5D63-4240-BD81-F362FB1F5214}.Debug|Any CPU.Build.0 = Debug|Any CPU
		{FB80EA35-5D63-4240-BD81-F362FB1F5214}.Release|Any CPU.ActiveCfg = Release|Any CPU
		{FB80EA35-5D63-4240-BD81-F362FB1F5214}.Release|Any CPU.Build.0 = Release|Any CPU
		{9FDF1BA4-9894-42FC-9659-4D86A971CA09}.Debug|Any CPU.ActiveCfg = Debug|Any CPU
		{9FDF1BA4-9894-42FC-9659-4D86A971CA09}.Debug|Any CPU.Build.0 = Debug|Any CPU
		{9FDF1BA4-9894-42FC-9659-4D86A971CA09}.Release|Any CPU.ActiveCfg = Release|Any CPU
		{9FDF1BA4-9894-42FC-9659-4D86A971CA09}.Release|Any CPU.Build.0 = Release|Any CPU
		{FB98C21F-BE0F-4F19-BBF8-FA81780B889E}.Debug|Any CPU.ActiveCfg = Debug|Any CPU
		{FB98C21F-BE0F-4F19-BBF8-FA81780B889E}.Debug|Any CPU.Build.0 = Debug|Any CPU
		{FB98C21F-BE0F-4F19-BBF8-FA81780B889E}.Release|Any CPU.ActiveCfg = Release|Any CPU
		{FB98C21F-BE0F-4F19-BBF8-FA81780B889E}.Release|Any CPU.Build.0 = Release|Any CPU
		{23729550-E752-4A04-A71A-08C1B046CA7B}.Debug|Any CPU.ActiveCfg = Debug|Any CPU
		{23729550-E752-4A04-A71A-08C1B046CA7B}.Debug|Any CPU.Build.0 = Debug|Any CPU
		{23729550-E752-4A04-A71A-08C1B046CA7B}.Release|Any CPU.ActiveCfg = Release|Any CPU
		{23729550-E752-4A04-A71A-08C1B046CA7B}.Release|Any CPU.Build.0 = Release|Any CPU
		{E9F2B423-63CB-41C3-B707-BBD5833499EE}.Debug|Any CPU.ActiveCfg = Debug|Any CPU
		{E9F2B423-63CB-41C3-B707-BBD5833499EE}.Debug|Any CPU.Build.0 = Debug|Any CPU
		{E9F2B423-63CB-41C3-B707-BBD5833499EE}.Release|Any CPU.ActiveCfg = Release|Any CPU
		{E9F2B423-63CB-41C3-B707-BBD5833499EE}.Release|Any CPU.Build.0 = Release|Any CPU
		{98A73608-5784-44C6-A04F-6758D4B1489C}.Debug|Any CPU.ActiveCfg = Debug|Any CPU
		{98A73608-5784-44C6-A04F-6758D4B1489C}.Debug|Any CPU.Build.0 = Debug|Any CPU
		{98A73608-5784-44C6-A04F-6758D4B1489C}.Release|Any CPU.ActiveCfg = Release|Any CPU
		{98A73608-5784-44C6-A04F-6758D4B1489C}.Release|Any CPU.Build.0 = Release|Any CPU
		{DCD05333-3366-4F32-A905-ABD23F26F538}.Debug|Any CPU.ActiveCfg = Debug|Any CPU
		{DCD05333-3366-4F32-A905-ABD23F26F538}.Debug|Any CPU.Build.0 = Debug|Any CPU
		{DCD05333-3366-4F32-A905-ABD23F26F538}.Release|Any CPU.ActiveCfg = Release|Any CPU
		{DCD05333-3366-4F32-A905-ABD23F26F538}.Release|Any CPU.Build.0 = Release|Any CPU
	EndGlobalSection
	GlobalSection(SolutionProperties) = preSolution
		HideSolutionNode = FALSE
	EndGlobalSection
	GlobalSection(NestedProjects) = preSolution
		{38B355C1-ED47-4E94-A51E-589A46872E5C} = {BB7A8A94-0753-425B-98A6-26C5CAFA8D01}
		{11B632B8-8066-4CD3-8D24-E54BC583A826} = {BB7A8A94-0753-425B-98A6-26C5CAFA8D01}
		{69C296A0-8352-4AD9-A404-54821A2508F0} = {BB7A8A94-0753-425B-98A6-26C5CAFA8D01}
		{A74FFB10-A76C-4C5E-9D0F-007BE4462DF3} = {BB89EA68-F6BD-4366-BBA1-9D5534AF55D9}
		{2ADF7FFA-32BF-4109-911F-4C2A18F0493D} = {BB89EA68-F6BD-4366-BBA1-9D5534AF55D9}
		{FB80EA35-5D63-4240-BD81-F362FB1F5214} = {BB89EA68-F6BD-4366-BBA1-9D5534AF55D9}
		{9FDF1BA4-9894-42FC-9659-4D86A971CA09} = {7768AB96-C977-4BFA-9B7F-77D90522666A}
		{FB98C21F-BE0F-4F19-BBF8-FA81780B889E} = {7768AB96-C977-4BFA-9B7F-77D90522666A}
		{23729550-E752-4A04-A71A-08C1B046CA7B} = {7768AB96-C977-4BFA-9B7F-77D90522666A}
		{E9F2B423-63CB-41C3-B707-BBD5833499EE} = {B1909D52-47DF-4794-9AB6-9B0E2565832C}
		{98A73608-5784-44C6-A04F-6758D4B1489C} = {B1909D52-47DF-4794-9AB6-9B0E2565832C}
		{DCD05333-3366-4F32-A905-ABD23F26F538} = {B1909D52-47DF-4794-9AB6-9B0E2565832C}
	EndGlobalSection
	GlobalSection(ExtensibilityGlobals) = postSolution
		SolutionGuid = {EA2B0F93-FD72-4483-B99E-8B3B0987D247}
	EndGlobalSection
EndGlobal
